
Microsoft Visual Studio Solution File, Format Version 12.00
# Visual Studio Version 17
VisualStudioVersion = 17.5.33424.131
MinimumVisualStudioVersion = 10.0.40219.1
Project("{FAE04EC0-301F-11D3-BF4B-00C04F79EFBC}") = "User_Registration", "User_Registration\User_Registration.csproj", "{1E2E4207-2BFD-4727-8042-0BAE74EF15A4}"
EndProject
Project("{FAE04EC0-301F-11D3-BF4B-00C04F79EFBC}") = "TestProjectForUserRegistration", "TestProjectForUserRegistration\TestProjectForUserRegistration.csproj", "{F7C5EBFF-5F3B-40B5-8676-EF801ADD39D1}"
EndProject
Global
	GlobalSection(SolutionConfigurationPlatforms) = preSolution
		Debug|Any CPU = Debug|Any CPU
		Release|Any CPU = Release|Any CPU
	EndGlobalSection
	GlobalSection(ProjectConfigurationPlatforms) = postSolution
		{1E2E4207-2BFD-4727-8042-0BAE74EF15A4}.Debug|Any CPU.ActiveCfg = Debug|Any CPU
		{1E2E4207-2BFD-4727-8042-0BAE74EF15A4}.Debug|Any CPU.Build.0 = Debug|Any CPU
		{1E2E4207-2BFD-4727-8042-0BAE74EF15A4}.Release|Any CPU.ActiveCfg = Release|Any CPU
		{1E2E4207-2BFD-4727-8042-0BAE74EF15A4}.Release|Any CPU.Build.0 = Release|Any CPU
		{F7C5EBFF-5F3B-40B5-8676-EF801ADD39D1}.Debug|Any CPU.ActiveCfg = Debug|Any CPU
		{F7C5EBFF-5F3B-40B5-8676-EF801ADD39D1}.Debug|Any CPU.Build.0 = Debug|Any CPU
		{F7C5EBFF-5F3B-40B5-8676-EF801ADD39D1}.Release|Any CPU.ActiveCfg = Release|Any CPU
		{F7C5EBFF-5F3B-40B5-8676-EF801ADD39D1}.Release|Any CPU.Build.0 = Release|Any CPU
	EndGlobalSection
	GlobalSection(SolutionProperties) = preSolution
		HideSolutionNode = FALSE
	EndGlobalSection
	GlobalSection(ExtensibilityGlobals) = postSolution
		SolutionGuid = {FE48B2A7-5B89-4AF1-B6E9-CAF9C8FEB6E1}
	EndGlobalSection
EndGlobal
